
Microsoft Visual Studio Solution File, Format Version 12.00
Project("{FAE04EC0-301F-11D3-BF4B-00C04F79EFBC}") = "CursoDotNetExpert", "CursoDotNetExpert\CursoDotNetExpert.csproj", "{B4D0FD65-311B-4A95-9649-6251F4E342ED}"
EndProject
Global
	GlobalSection(SolutionConfigurationPlatforms) = preSolution
		Debug|Any CPU = Debug|Any CPU
		Release|Any CPU = Release|Any CPU
	EndGlobalSection
	GlobalSection(ProjectConfigurationPlatforms) = postSolution
		{B4D0FD65-311B-4A95-9649-6251F4E342ED}.Debug|Any CPU.ActiveCfg = Debug|Any CPU
		{B4D0FD65-311B-4A95-9649-6251F4E342ED}.Debug|Any CPU.Build.0 = Debug|Any CPU
		{B4D0FD65-311B-4A95-9649-6251F4E342ED}.Release|Any CPU.ActiveCfg = Release|Any CPU
		{B4D0FD65-311B-4A95-9649-6251F4E342ED}.Release|Any CPU.Build.0 = Release|Any CPU
	EndGlobalSection
EndGlobal
